[{<<"envy">>,
  {git,"git://github.com/manderson26/envy.git",
       {ref,"954c87adcfea892db462f56059eb8bc2857ab50b"}},
  1},
 {<<"epgsql">>,
  {git,"git://github.com/chef/epgsql-1.git",
       {ref,"89d4ff4b1c1edf8995432d1633fb5458eb156a46"}},
  1},
 {<<"pooler">>,
  {git,"git://github.com/seth/pooler.git",
       {ref,"b6c522a67a1d067122705ef725535a8664dd8514"}},
  1},
 {<<"ranch">>,
  {git,"https://github.com/ninenines/ranch",
       {ref,"c0566d4d986b9d143a7b066f52383652da5f7f74"}},
  0},
 {<<"sqerl">>,
  {git,"https://github.com/marcparadise/sqerl",
       {ref,"7e40908af7010b70212320e3d410dff31edfc7f9"}},
  0},
 {<<"sync">>,
  {git,"https://github.com/rustyio/sync",
       {ref,"9c78e7b4fe28c75d18ad6971585a204b96e47db1"}},
  0}].
