[{<<"envy">>,
  {git,"https://github.com/marcparadise/envy",
       {ref,"87c1675bb4e8dc5159df3d28a0acad981c3ddd0f"}},
  0},
 {<<"epgsql">>,
  {git,"git://github.com/chef/epgsql-1.git",
       {ref,"89d4ff4b1c1edf8995432d1633fb5458eb156a46"}},
  1},
 {<<"pooler">>,
  {git,"https://github.com/marcparadise/pooler",
       {ref,"e4dd9515a6a5bcf35266f07328f3051956fa4b90"}},
  0},
 {<<"ranch">>,
  {git,"https://github.com/ninenines/ranch",
       {ref,"c0566d4d986b9d143a7b066f52383652da5f7f74"}},
  0},
 {<<"sqerl">>,
  {git,"https://github.com/marcparadise/sqerl",
       {ref,"a41ddf6328e1e1c9b9e1e73a2551e9ac9cc0e33f"}},
  0},
 {<<"sync">>,
  {git,"https://github.com/rustyio/sync",
       {ref,"9c78e7b4fe28c75d18ad6971585a204b96e47db1"}},
  0}].
